
Microsoft Visual Studio Solution File, Format Version 12.00
# Visual Studio Version 16
VisualStudioVersion = 25.0.1706.9
MinimumVisualStudioVersion = 10.0.40219.1
Project("{FAE04EC0-301F-11D3-BF4B-00C04F79EFBC}") = "lab3 qno6", "lab3 qno6\lab3 qno6.csproj", "{1C0C588B-D9DB-418A-ABD2-61971A488531}"
EndProject
Global
	GlobalSection(SolutionConfigurationPlatforms) = preSolution
		Debug|Any CPU = Debug|Any CPU
		Release|Any CPU = Release|Any CPU
	EndGlobalSection
	GlobalSection(ProjectConfigurationPlatforms) = postSolution
		{1C0C588B-D9DB-418A-ABD2-61971A488531}.Debug|Any CPU.ActiveCfg = Debug|Any CPU
		{1C0C588B-D9DB-418A-ABD2-61971A488531}.Debug|Any CPU.Build.0 = Debug|Any CPU
		{1C0C588B-D9DB-418A-ABD2-61971A488531}.Release|Any CPU.ActiveCfg = Release|Any CPU
		{1C0C588B-D9DB-418A-ABD2-61971A488531}.Release|Any CPU.Build.0 = Release|Any CPU
	EndGlobalSection
	GlobalSection(SolutionProperties) = preSolution
		HideSolutionNode = FALSE
	EndGlobalSection
	GlobalSection(ExtensibilityGlobals) = postSolution
		SolutionGuid = {75BD483C-5467-4EE1-A726-2A3851634952}
	EndGlobalSection
EndGlobal
